{
  "upstream": "https://github.com/NousResearch/hermes-agent.git",
  "branch": "main",
  "commit": "b2c4f1f376167e7e34a88c3dbd544e1fdc848c14",
  "observed_at": "2026-08-21T16:23:11Z",
  "product_identity": "maxx-006",
  "build_policy": "build_upstream_from_exact_commit_then_overlay_maxx",
  "required_upstream_capabilities": [
    "profiles",
    "bot-mode-profile-runtime",
    "multiplex-profile-gateway",
    "profile-scoped-api-server",
    "routines-cron",
    "bot-to-bot-messaging"
  ],
  "forbidden_upstream": "https://github.com/executiveusa/pauli-hermes-agent.git",
  "note": "Bambu's personal Hermes is intentionally not part of the Agent MAXX dependency graph. MAXX pins the current NousResearch main that contains Bot Mode/profile primitives and multiplex profile routing, then overlays MAXX identity, ICM, governance, and product UX."
}
