{
  "upstream": "https://github.com/NousResearch/hermes-agent.git",
  "branch": "main",
  "commit": "165c889e5b4277b56dadd42949a4112c1e6175a6",
  "observed_at": "2026-08-15T15:27:18Z",
  "product_identity": "maxx-006",
  "forbidden_upstream": "https://github.com/executiveusa/pauli-hermes-agent.git",
  "note": "Bambu's personal Hermes is intentionally not part of the Agent MAXX dependency graph. Update this lock only after upstream review and regression tests."
}
